
Microsoft Visual Studio Solution File, Format Version 12.00
# Visual Studio Version 17
VisualStudioVersion = 17.4.33213.308
MinimumVisualStudioVersion = 10.0.40219.1
Project("{FAE04EC0-301F-11D3-BF4B-00C04F79EFBC}") = "Lab1", "Lab1\Lab1.csproj", "{C73A993C-60C7-44DA-9871-80A18759D07A}"
EndProject
Global
	GlobalSection(SolutionConfigurationPlatforms) = preSolution
		Debug|Any CPU = Debug|Any CPU
		Release|Any CPU = Release|Any CPU
	EndGlobalSection
	GlobalSection(ProjectConfigurationPlatforms) = postSolution
		{C73A993C-60C7-44DA-9871-80A18759D07A}.Debug|Any CPU.ActiveCfg = Debug|Any CPU
		{C73A993C-60C7-44DA-9871-80A18759D07A}.Debug|Any CPU.Build.0 = Debug|Any CPU
		{C73A993C-60C7-44DA-9871-80A18759D07A}.Release|Any CPU.ActiveCfg = Release|Any CPU
		{C73A993C-60C7-44DA-9871-80A18759D07A}.Release|Any CPU.Build.0 = Release|Any CPU
	EndGlobalSection
	GlobalSection(SolutionProperties) = preSolution
		HideSolutionNode = FALSE
	EndGlobalSection
	GlobalSection(ExtensibilityGlobals) = postSolution
		SolutionGuid = {954D2405-907D-4654-9852-FED17630A4A0}
	EndGlobalSection
EndGlobal
